<?xml version="1.0" encoding="utf-8"?>
<Project ToolsVersion="4.0" xmlns="http://schemas.microsoft.com/developer/msbuild/2003">
  <ItemGroup>
    <Filter Include="Main">
      <UniqueIdentifier>{203140da-9c40-4fc3-8b60-18f975b6a88e}</UniqueIdentifier>
    </Filter>
    <Filter Include="Utils">
      <UniqueIdentifier>{52631a7f-af45-4e55-9990-08948a77d10f}</UniqueIdentifier>
    </Filter>
    <Filter Include="Main\PreviousStudy">
      <UniqueIdentifier>{6c7db380-49cb-4fdf-b134-1a89f41bd974}</UniqueIdentifier>
    </Filter>
    <Filter Include="Main\PreviousStudy\DeadLock">
      <UniqueIdentifier>{641278c4-5dac-4e89-9580-fbc41165e972}</UniqueIdentifier>
    </Filter>
    <Filter Include="Main\PreviousStudy\LockBasedStackQueue">
      <UniqueIdentifier>{ee962e07-d13a-41b8-9673-2c1dd23b6f51}</UniqueIdentifier>
    </Filter>
    <Filter Include="Main\PreviousStudy\DeadLockDetection">
      <UniqueIdentifier>{d711c2ef-8581-4ccd-b715-56896b2691fb}</UniqueIdentifier>
    </Filter>
  </ItemGroup>
  <ItemGroup>
    <ClCompile Include="GameServer.cpp">
      <Filter>Main</Filter>
    </ClCompile>
    <ClCompile Include="pch.cpp">
      <Filter>Utils</Filter>
    </ClCompile>
    <ClCompile Include="AccountManager.cpp">
      <Filter>Main\PreviousStudy\DeadLock</Filter>
    </ClCompile>
    <ClCompile Include="UserManager.cpp">
      <Filter>Main\PreviousStudy\DeadLock</Filter>
    </ClCompile>
    <ClCompile Include="DeadLock.cpp">
      <Filter>Main\PreviousStudy\DeadLock</Filter>
    </ClCompile>
    <ClCompile Include="Atomic.cpp">
      <Filter>Main\PreviousStudy</Filter>
    </ClCompile>
    <ClCompile Include="Lock.cpp">
      <Filter>Main\PreviousStudy</Filter>
    </ClCompile>
    <ClCompile Include="SpinLockAndSleep.cpp">
      <Filter>Main\PreviousStudy</Filter>
    </ClCompile>
    <ClCompile Include="Event.cpp">
      <Filter>Main\PreviousStudy</Filter>
    </ClCompile>
    <ClCompile Include="Condition_Variable.cpp">
      <Filter>Main\PreviousStudy</Filter>
    </ClCompile>
    <ClCompile Include="Future.cpp">
      <Filter>Main\PreviousStudy</Filter>
    </ClCompile>
    <ClCompile Include="Cache.cpp">
      <Filter>Main\PreviousStudy</Filter>
    </ClCompile>
    <ClCompile Include="CPU_PipeLine.cpp">
      <Filter>Main\PreviousStudy</Filter>
    </ClCompile>
    <ClCompile Include="Memory_Policy.cpp">
      <Filter>Main\PreviousStudy</Filter>
    </ClCompile>
    <ClCompile Include="TLS.cpp">
      <Filter>Main\PreviousStudy</Filter>
    </ClCompile>
    <ClCompile Include="ConcurrentQueue.cpp">
      <Filter>Main\PreviousStudy\LockBasedStackQueue</Filter>
    </ClCompile>
    <ClCompile Include="ConcurrentStack.cpp">
      <Filter>Main\PreviousStudy\LockBasedStackQueue</Filter>
    </ClCompile>
    <ClCompile Include="LockBasedStackQueue.cpp">
      <Filter>Main\PreviousStudy\LockBasedStackQueue</Filter>
    </ClCompile>
    <ClCompile Include="AccountManager2.cpp">
      <Filter>Main\PreviousStudy\DeadLockDetection</Filter>
    </ClCompile>
    <ClCompile Include="PlayerManager.cpp">
      <Filter>Main\PreviousStudy\DeadLockDetection</Filter>
    </ClCompile>
    <ClCompile Include="DeadLockDetection.cpp">
      <Filter>Main\PreviousStudy\DeadLockDetection</Filter>
    </ClCompile>
    <ClCompile Include="PrimeNumber_Practice.cpp">
      <Filter>Main\PreviousStudy</Filter>
    </ClCompile>
    <ClCompile Include="ReferenceCounting.cpp">
      <Filter>Main\PreviousStudy</Filter>
    </ClCompile>
  </ItemGroup>
  <ItemGroup>
    <ClInclude Include="pch.h">
      <Filter>Utils</Filter>
    </ClInclude>
    <ClInclude Include="AccountManager.h">
      <Filter>Main\PreviousStudy\DeadLock</Filter>
    </ClInclude>
    <ClInclude Include="UserManager.h">
      <Filter>Main\PreviousStudy\DeadLock</Filter>
    </ClInclude>
    <ClInclude Include="ConcurrentQueue.h">
      <Filter>Main\PreviousStudy\LockBasedStackQueue</Filter>
    </ClInclude>
    <ClInclude Include="ConcurrentStack.h">
      <Filter>Main\PreviousStudy\LockBasedStackQueue</Filter>
    </ClInclude>
    <ClInclude Include="AccountManager2.h">
      <Filter>Main\PreviousStudy\DeadLockDetection</Filter>
    </ClInclude>
    <ClInclude Include="PlayerManager.h">
      <Filter>Main\PreviousStudy\DeadLockDetection</Filter>
    </ClInclude>
  </ItemGroup>
</Project>